// !$*UTF8*$!
{
	archiveVersion = 1;
	classes = {
	};
	objectVersion = 56;
	objects = {

/* Begin PBXBuildFile section */
		F40426B42A17EAEA00429AE4 /* AgeDataModel.swift in Sources */ = {isa = PBXBuildFile; fileRef = F40426B32A17EAEA00429AE4 /* AgeDataModel.swift */; };
		F40426B62A17ECBD00429AE4 /* ProgramCollectionViewController.swift in Sources */ = {isa = PBXBuildFile; fileRef = F40426B52A17ECBD00429AE4 /* ProgramCollectionViewController.swift */; };
		F40426B82A17F17000429AE4 /* ProgramDataModel.swift in Sources */ = {isa = PBXBuildFile; fileRef = F40426B72A17F17000429AE4 /* ProgramDataModel.swift */; };
		F40426BA2A17F5F800429AE4 /* Movie.swift in Sources */ = {isa = PBXBuildFile; fileRef = F40426B92A17F5F800429AE4 /* Movie.swift */; };
		F40426BD2A183DCA00429AE4 /* LoadingSpinnerViewController.swift in Sources */ = {isa = PBXBuildFile; fileRef = F40426BC2A183DCA00429AE4 /* LoadingSpinnerViewController.swift */; };
		F40426BF2A183E1500429AE4 /* Factories.swift in Sources */ = {isa = PBXBuildFile; fileRef = F40426BE2A183E1500429AE4 /* Factories.swift */; };
		F40426C12A1844AB00429AE4 /* CompositionalLayout.swift in Sources */ = {isa = PBXBuildFile; fileRef = F40426C02A1844AB00429AE4 /* CompositionalLayout.swift */; };
		F40426C32A18451200429AE4 /* MovieCollectionViewCell.swift in Sources */ = {isa = PBXBuildFile; fileRef = F40426C22A18451200429AE4 /* MovieCollectionViewCell.swift */; };
		F40426C52A18D60300429AE4 /* Extensions.swift in Sources */ = {isa = PBXBuildFile; fileRef = F40426C42A18D60300429AE4 /* Extensions.swift */; };
		F462693B2A17C46B00F46852 /* AppDelegate.swift in Sources */ = {isa = PBXBuildFile; fileRef = F462693A2A17C46B00F46852 /* AppDelegate.swift */; };
		F462693D2A17C46B00F46852 /* SceneDelegate.swift in Sources */ = {isa = PBXBuildFile; fileRef = F462693C2A17C46B00F46852 /* SceneDelegate.swift */; };
		F462693F2A17C46B00F46852 /* AgeViewController.swift in Sources */ = {isa = PBXBuildFile; fileRef = F462693E2A17C46B00F46852 /* AgeViewController.swift */; };
		F46269422A17C46B00F46852 /* Main.storyboard in Resources */ = {isa = PBXBuildFile; fileRef = F46269402A17C46B00F46852 /* Main.storyboard */; };
		F46269442A17C46C00F46852 /* Assets.xcassets in Resources */ = {isa = PBXBuildFile; fileRef = F46269432A17C46C00F46852 /* Assets.xcassets */; };
		F46269472A17C46C00F46852 /* LaunchScreen.storyboard in Resources */ = {isa = PBXBuildFile; fileRef = F46269452A17C46C00F46852 /* LaunchScreen.storyboard */; };
/* End PBXBuildFile section */

/* Begin PBXFileReference section */
		F40426B32A17EAEA00429AE4 /* AgeDataModel.swift */ = {isa = PBXFileReference; lastKnownFileType = sourcecode.swift; path = AgeDataModel.swift; sourceTree = "<group>"; };
		F40426B52A17ECBD00429AE4 /* ProgramCollectionViewController.swift */ = {isa = PBXFileReference; lastKnownFileType = sourcecode.swift; path = ProgramCollectionViewController.swift; sourceTree = "<group>"; };
		F40426B72A17F17000429AE4 /* ProgramDataModel.swift */ = {isa = PBXFileReference; lastKnownFileType = sourcecode.swift; path = ProgramDataModel.swift; sourceTree = "<group>"; };
		F40426B92A17F5F800429AE4 /* Movie.swift */ = {isa = PBXFileReference; lastKnownFileType = sourcecode.swift; path = Movie.swift; sourceTree = "<group>"; };
		F40426BC2A183DCA00429AE4 /* LoadingSpinnerViewController.swift */ = {isa = PBXFileReference; lastKnownFileType = sourcecode.swift; path = LoadingSpinnerViewController.swift; sourceTree = "<group>"; };
		F40426BE2A183E1500429AE4 /* Factories.swift */ = {isa = PBXFileReference; lastKnownFileType = sourcecode.swift; path = Factories.swift; sourceTree = "<group>"; };
		F40426C02A1844AB00429AE4 /* CompositionalLayout.swift */ = {isa = PBXFileReference; lastKnownFileType = sourcecode.swift; path = CompositionalLayout.swift; sourceTree = "<group>"; };
		F40426C22A18451200429AE4 /* MovieCollectionViewCell.swift */ = {isa = PBXFileReference; lastKnownFileType = sourcecode.swift; path = MovieCollectionViewCell.swift; sourceTree = "<group>"; };
		F40426C42A18D60300429AE4 /* Extensions.swift */ = {isa = PBXFileReference; lastKnownFileType = sourcecode.swift; path = Extensions.swift; sourceTree = "<group>"; };
		F46269372A17C46B00F46852 /* NRK-oppgave.app */ = {isa = PBXFileReference; explicitFileType = wrapper.application; includeInIndex = 0; path = "NRK-oppgave.app"; sourceTree = BUILT_PRODUCTS_DIR; };
		F462693A2A17C46B00F46852 /* AppDelegate.swift */ = {isa = PBXFileReference; lastKnownFileType = sourcecode.swift; path = AppDelegate.swift; sourceTree = "<group>"; };
		F462693C2A17C46B00F46852 /* SceneDelegate.swift */ = {isa = PBXFileReference; lastKnownFileType = sourcecode.swift; path = SceneDelegate.swift; sourceTree = "<group>"; };
		F462693E2A17C46B00F46852 /* AgeViewController.swift */ = {isa = PBXFileReference; lastKnownFileType = sourcecode.swift; path = AgeViewController.swift; sourceTree = "<group>"; };
		F46269412A17C46B00F46852 /* Base */ = {isa = PBXFileReference; lastKnownFileType = file.storyboard; name = Base; path = Base.lproj/Main.storyboard; sourceTree = "<group>"; };
		F46269432A17C46C00F46852 /* Assets.xcassets */ = {isa = PBXFileReference; lastKnownFileType = folder.assetcatalog; path = Assets.xcassets; sourceTree = "<group>"; };
		F46269462A17C46C00F46852 /* Base */ = {isa = PBXFileReference; lastKnownFileType = file.storyboard; name = Base; path = Base.lproj/LaunchScreen.storyboard; sourceTree = "<group>"; };
		F46269482A17C46C00F46852 /* Info.plist */ = {isa = PBXFileReference; lastKnownFileType = text.plist.xml; path = Info.plist; sourceTree = "<group>"; };
/* End PBXFileReference section */

/* Begin PBXFrameworksBuildPhase section */
		F46269342A17C46B00F46852 /* Frameworks */ = {
			isa = PBXFrameworksBuildPhase;
			buildActionMask = 2147483647;
			files = (
			);
			runOnlyForDeploymentPostprocessing = 0;
		};
/* End PBXFrameworksBuildPhase section */

/* Begin PBXGroup section */
		F40426BB2A183DB000429AE4 /* Helpers */ = {
			isa = PBXGroup;
			children = (
				F40426BC2A183DCA00429AE4 /* LoadingSpinnerViewController.swift */,
				F40426BE2A183E1500429AE4 /* Factories.swift */,
				F40426C02A1844AB00429AE4 /* CompositionalLayout.swift */,
				F40426C42A18D60300429AE4 /* Extensions.swift */,
			);
			path = Helpers;
			sourceTree = "<group>";
		};
		F462692E2A17C46B00F46852 = {
			isa = PBXGroup;
			children = (
				F46269392A17C46B00F46852 /* NRK-oppgave */,
				F46269382A17C46B00F46852 /* Products */,
			);
			sourceTree = "<group>";
		};
		F46269382A17C46B00F46852 /* Products */ = {
			isa = PBXGroup;
			children = (
				F46269372A17C46B00F46852 /* NRK-oppgave.app */,
			);
			name = Products;
			sourceTree = "<group>";
		};
		F46269392A17C46B00F46852 /* NRK-oppgave */ = {
			isa = PBXGroup;
			children = (
				F40426BB2A183DB000429AE4 /* Helpers */,
				F462694E2A17C55900F46852 /* Supporting files */,
				F46269512A17C59C00F46852 /* Views */,
				F46269502A17C59800F46852 /* Model */,
				F462694F2A17C56900F46852 /* Controllers */,
				F46269402A17C46B00F46852 /* Main.storyboard */,
				F46269432A17C46C00F46852 /* Assets.xcassets */,
				F46269452A17C46C00F46852 /* LaunchScreen.storyboard */,
				F46269482A17C46C00F46852 /* Info.plist */,
			);
			path = "NRK-oppgave";
			sourceTree = "<group>";
		};
		F462694E2A17C55900F46852 /* Supporting files */ = {
			isa = PBXGroup;
			children = (
				F462693A2A17C46B00F46852 /* AppDelegate.swift */,
				F462693C2A17C46B00F46852 /* SceneDelegate.swift */,
			);
			path = "Supporting files";
			sourceTree = "<group>";
		};
		F462694F2A17C56900F46852 /* Controllers */ = {
			isa = PBXGroup;
			children = (
				F462693E2A17C46B00F46852 /* AgeViewController.swift */,
				F40426B52A17ECBD00429AE4 /* ProgramCollectionViewController.swift */,
			);
			path = Controllers;
			sourceTree = "<group>";
		};
		F46269502A17C59800F46852 /* Model */ = {
			isa = PBXGroup;
			children = (
				F40426B32A17EAEA00429AE4 /* AgeDataModel.swift */,
				F40426B72A17F17000429AE4 /* ProgramDataModel.swift */,
				F40426B92A17F5F800429AE4 /* Movie.swift */,
			);
			path = Model;
			sourceTree = "<group>";
		};
		F46269512A17C59C00F46852 /* Views */ = {
			isa = PBXGroup;
			children = (
				F40426C22A18451200429AE4 /* MovieCollectionViewCell.swift */,
			);
			path = Views;
			sourceTree = "<group>";
		};
/* End PBXGroup section */

/* Begin PBXNativeTarget section */
		F46269362A17C46B00F46852 /* NRK-oppgave */ = {
			isa = PBXNativeTarget;
			buildConfigurationList = F462694B2A17C46C00F46852 /* Build configuration list for PBXNativeTarget "NRK-oppgave" */;
			buildPhases = (
				F46269332A17C46B00F46852 /* Sources */,
				F46269342A17C46B00F46852 /* Frameworks */,
				F46269352A17C46B00F46852 /* Resources */,
			);
			buildRules = (
			);
			dependencies = (
			);
			name = "NRK-oppgave";
			productName = "NRK-oppgave";
			productReference = F46269372A17C46B00F46852 /* NRK-oppgave.app */;
			productType = "com.apple.product-type.application";
		};
/* End PBXNativeTarget section */

/* Begin PBXProject section */
		F462692F2A17C46B00F46852 /* Project object */ = {
			isa = PBXProject;
			attributes = {
				BuildIndependentTargetsInParallel = 1;
				LastSwiftUpdateCheck = 1410;
				LastUpgradeCheck = 1410;
				TargetAttributes = {
					F46269362A17C46B00F46852 = {
						CreatedOnToolsVersion = 14.1;
					};
				};
			};
			buildConfigurationList = F46269322A17C46B00F46852 /* Build configuration list for PBXProject "NRK-oppgave" */;
			compatibilityVersion = "Xcode 14.0";
			developmentRegion = en;
			hasScannedForEncodings = 0;
			knownRegions = (
				en,
				Base,
			);
			mainGroup = F462692E2A17C46B00F46852;
			productRefGroup = F46269382A17C46B00F46852 /* Products */;
			projectDirPath = "";
			projectRoot = "";
			targets = (
				F46269362A17C46B00F46852 /* NRK-oppgave */,
			);
		};
/* End PBXProject section */

/* Begin PBXResourcesBuildPhase section */
		F46269352A17C46B00F46852 /* Resources */ = {
			isa = PBXResourcesBuildPhase;
			buildActionMask = 2147483647;
			files = (
				F46269472A17C46C00F46852 /* LaunchScreen.storyboard in Resources */,
				F46269442A17C46C00F46852 /* Assets.xcassets in Resources */,
				F46269422A17C46B00F46852 /* Main.storyboard in Resources */,
			);
			runOnlyForDeploymentPostprocessing = 0;
		};
/* End PBXResourcesBuildPhase section */

/* Begin PBXSourcesBuildPhase section */
		F46269332A17C46B00F46852 /* Sources */ = {
			isa = PBXSourcesBuildPhase;
			buildActionMask = 2147483647;
			files = (
				F40426BF2A183E1500429AE4 /* Factories.swift in Sources */,
				F40426B82A17F17000429AE4 /* ProgramDataModel.swift in Sources */,
				F40426B42A17EAEA00429AE4 /* AgeDataModel.swift in Sources */,
				F40426BA2A17F5F800429AE4 /* Movie.swift in Sources */,
				F462693F2A17C46B00F46852 /* AgeViewController.swift in Sources */,
				F40426C12A1844AB00429AE4 /* CompositionalLayout.swift in Sources */,
				F462693B2A17C46B00F46852 /* AppDelegate.swift in Sources */,
				F40426C52A18D60300429AE4 /* Extensions.swift in Sources */,
				F40426BD2A183DCA00429AE4 /* LoadingSpinnerViewController.swift in Sources */,
				F40426C32A18451200429AE4 /* MovieCollectionViewCell.swift in Sources */,
				F462693D2A17C46B00F46852 /* SceneDelegate.swift in Sources */,
				F40426B62A17ECBD00429AE4 /* ProgramCollectionViewController.swift in Sources */,
			);
			runOnlyForDeploymentPostprocessing = 0;
		};
/* End PBXSourcesBuildPhase section */

/* Begin PBXVariantGroup section */
		F46269402A17C46B00F46852 /* Main.storyboard */ = {
			isa = PBXVariantGroup;
			children = (
				F46269412A17C46B00F46852 /* Base */,
			);
			name = Main.storyboard;
			sourceTree = "<group>";
		};
		F46269452A17C46C00F46852 /* LaunchScreen.storyboard */ = {
			isa = PBXVariantGroup;
			children = (
				F46269462A17C46C00F46852 /* Base */,
			);
			name = LaunchScreen.storyboard;
			sourceTree = "<group>";
		};
/* End PBXVariantGroup section */

/* Begin XCBuildConfiguration section */
		F46269492A17C46C00F46852 /* Debug */ = {
			isa = XCBuildConfiguration;
			buildSettings = {
				ALWAYS_SEARCH_USER_PATHS = NO;
				CLANG_ANALYZER_NONNULL = YES;
				CLANG_ANALYZER_NUMBER_OBJECT_CONVERSION = YES_AGGRESSIVE;
				CLANG_CXX_LANGUAGE_STANDARD = "gnu++20";
				CLANG_ENABLE_MODULES = YES;
				CLANG_ENABLE_OBJC_ARC = YES;
				CLANG_ENABLE_OBJC_WEAK = YES;
				CLANG_WARN_BLOCK_CAPTURE_AUTORELEASING = YES;
				CLANG_WARN_BOOL_CONVERSION = YES;
				CLANG_WARN_COMMA = YES;
				CLANG_WARN_CONSTANT_CONVERSION = YES;
				CLANG_WARN_DEPRECATED_OBJC_IMPLEMENTATIONS = YES;
				CLANG_WARN_DIRECT_OBJC_ISA_USAGE = YES_ERROR;
				CLANG_WARN_DOCUMENTATION_COMMENTS = YES;
				CLANG_WARN_EMPTY_BODY = YES;
				CLANG_WARN_ENUM_CONVERSION = YES;
				CLANG_WARN_INFINITE_RECURSION = YES;
				CLANG_WARN_INT_CONVERSION = YES;
				CLANG_WARN_NON_LITERAL_NULL_CONVERSION = YES;
				CLANG_WARN_OBJC_IMPLICIT_RETAIN_SELF = YES;
				CLANG_WARN_OBJC_LITERAL_CONVERSION = YES;
				CLANG_WARN_OBJC_ROOT_CLASS = YES_ERROR;
				CLANG_WARN_QUOTED_INCLUDE_IN_FRAMEWORK_HEADER = YES;
				CLANG_WARN_RANGE_LOOP_ANALYSIS = YES;
				CLANG_WARN_STRICT_PROTOTYPES = YES;
				CLANG_WARN_SUSPICIOUS_MOVE = YES;
				CLANG_WARN_UNGUARDED_AVAILABILITY = YES_AGGRESSIVE;
				CLANG_WARN_UNREACHABLE_CODE = YES;
				CLANG_WARN__DUPLICATE_METHOD_MATCH = YES;
				COPY_PHASE_STRIP = NO;
				DEBUG_INFORMATION_FORMAT = dwarf;
				ENABLE_STRICT_OBJC_MSGSEND = YES;
				ENABLE_TESTABILITY = YES;
				GCC_C_LANGUAGE_STANDARD = gnu11;
				GCC_DYNAMIC_NO_PIC = NO;
				GCC_NO_COMMON_BLOCKS = YES;
				GCC_OPTIMIZATION_LEVEL = 0;
				GCC_PREPROCESSOR_DEFINITIONS = (
					"DEBUG=1",
					"$(inherited)",
				);
				GCC_WARN_64_TO_32_BIT_CONVERSION = YES;
				GCC_WARN_ABOUT_RETURN_TYPE = YES_ERROR;
				GCC_WARN_UNDECLARED_SELECTOR = YES;
				GCC_WARN_UNINITIALIZED_AUTOS = YES_AGGRESSIVE;
				GCC_WARN_UNUSED_FUNCTION = YES;
				GCC_WARN_UNUSED_VARIABLE = YES;
				IPHONEOS_DEPLOYMENT_TARGET = 16.1;
				MTL_ENABLE_DEBUG_INFO = INCLUDE_SOURCE;
				MTL_FAST_MATH = YES;
				ONLY_ACTIVE_ARCH = YES;
				SDKROOT = iphoneos;
				SWIFT_ACTIVE_COMPILATION_CONDITIONS = DEBUG;
				SWIFT_OPTIMIZATION_LEVEL = "-Onone";
			};
			name = Debug;
		};
		F462694A2A17C46C00F46852 /* Release */ = {
			isa = XCBuildConfiguration;
			buildSettings = {
				ALWAYS_SEARCH_USER_PATHS = NO;
				CLANG_ANALYZER_NONNULL = YES;
				CLANG_ANALYZER_NUMBER_OBJECT_CONVERSION = YES_AGGRESSIVE;
				CLANG_CXX_LANGUAGE_STANDARD = "gnu++20";
				CLANG_ENABLE_MODULES = YES;
				CLANG_ENABLE_OBJC_ARC = YES;
				CLANG_ENABLE_OBJC_WEAK = YES;
				CLANG_WARN_BLOCK_CAPTURE_AUTORELEASING = YES;
				CLANG_WARN_BOOL_CONVERSION = YES;
				CLANG_WARN_COMMA = YES;
				CLANG_WARN_CONSTANT_CONVERSION = YES;
				CLANG_WARN_DEPRECATED_OBJC_IMPLEMENTATIONS = YES;
				CLANG_WARN_DIRECT_OBJC_ISA_USAGE = YES_ERROR;
				CLANG_WARN_DOCUMENTATION_COMMENTS = YES;
				CLANG_WARN_EMPTY_BODY = YES;
				CLANG_WARN_ENUM_CONVERSION = YES;
				CLANG_WARN_INFINITE_RECURSION = YES;
				CLANG_WARN_INT_CONVERSION = YES;
				CLANG_WARN_NON_LITERAL_NULL_CONVERSION = YES;
				CLANG_WARN_OBJC_IMPLICIT_RETAIN_SELF = YES;
				CLANG_WARN_OBJC_LITERAL_CONVERSION = YES;
				CLANG_WARN_OBJC_ROOT_CLASS = YES_ERROR;
				CLANG_WARN_QUOTED_INCLUDE_IN_FRAMEWORK_HEADER = YES;
				CLANG_WARN_RANGE_LOOP_ANALYSIS = YES;
				CLANG_WARN_STRICT_PROTOTYPES = YES;
				CLANG_WARN_SUSPICIOUS_MOVE = YES;
				CLANG_WARN_UNGUARDED_AVAILABILITY = YES_AGGRESSIVE;
				CLANG_WARN_UNREACHABLE_CODE = YES;
				CLANG_WARN__DUPLICATE_METHOD_MATCH = YES;
				COPY_PHASE_STRIP = NO;
				DEBUG_INFORMATION_FORMAT = "dwarf-with-dsym";
				ENABLE_NS_ASSERTIONS = NO;
				ENABLE_STRICT_OBJC_MSGSEND = YES;
				GCC_C_LANGUAGE_STANDARD = gnu11;
				GCC_NO_COMMON_BLOCKS = YES;
				GCC_WARN_64_TO_32_BIT_CONVERSION = YES;
				GCC_WARN_ABOUT_RETURN_TYPE = YES_ERROR;
				GCC_WARN_UNDECLARED_SELECTOR = YES;
				GCC_WARN_UNINITIALIZED_AUTOS = YES_AGGRESSIVE;
				GCC_WARN_UNUSED_FUNCTION = YES;
				GCC_WARN_UNUSED_VARIABLE = YES;
				IPHONEOS_DEPLOYMENT_TARGET = 16.1;
				MTL_ENABLE_DEBUG_INFO = NO;
				MTL_FAST_MATH = YES;
				SDKROOT = iphoneos;
				SWIFT_COMPILATION_MODE = wholemodule;
				SWIFT_OPTIMIZATION_LEVEL = "-O";
				VALIDATE_PRODUCT = YES;
			};
			name = Release;
		};
		F462694C2A17C46C00F46852 /* Debug */ = {
			isa = XCBuildConfiguration;
			buildSettings = {
				ASSETCATALOG_COMPILER_APPICON_NAME = AppIcon;
				ASSETCATALOG_COMPILER_GLOBAL_ACCENT_COLOR_NAME = AccentColor;
				CODE_SIGN_STYLE = Automatic;
				CURRENT_PROJECT_VERSION = 1;
				DEVELOPMENT_TEAM = JKSTN7LX37;
				GENERATE_INFOPLIST_FILE = YES;
				INFOPLIST_FILE = "NRK-oppgave/Info.plist";
				INFOPLIST_KEY_UIApplicationSupportsIndirectInputEvents = YES;
				INFOPLIST_KEY_UILaunchStoryboardName = LaunchScreen;
				INFOPLIST_KEY_UIMainStoryboardFile = Main;
				INFOPLIST_KEY_UISupportedInterfaceOrientations_iPad = "UIInterfaceOrientationPortrait UIInterfaceOrientationPortraitUpsideDown UIInterfaceOrientationLandscapeLeft UIInterfaceOrientationLandscapeRight";
				INFOPLIST_KEY_UISupportedInterfaceOrientations_iPhone = "UIInterfaceOrientationPortrait UIInterfaceOrientationLandscapeLeft UIInterfaceOrientationLandscapeRight";
				LD_RUNPATH_SEARCH_PATHS = (
					"$(inherited)",
					"@executable_path/Frameworks",
				);
				MARKETING_VERSION = 1.0;
				PRODUCT_BUNDLE_IDENTIFIER = "no.NRK-oppgave.NRK-oppgave";
				PRODUCT_NAME = "$(TARGET_NAME)";
				SWIFT_EMIT_LOC_STRINGS = YES;
				SWIFT_VERSION = 5.0;
				TARGETED_DEVICE_FAMILY = "1,2";
			};
			name = Debug;
		};
		F462694D2A17C46C00F46852 /* Release */ = {
			isa = XCBuildConfiguration;
			buildSettings = {
				ASSETCATALOG_COMPILER_APPICON_NAME = AppIcon;
				ASSETCATALOG_COMPILER_GLOBAL_ACCENT_COLOR_NAME = AccentColor;
				CODE_SIGN_STYLE = Automatic;
				CURRENT_PROJECT_VERSION = 1;
				DEVELOPMENT_TEAM = JKSTN7LX37;
				GENERATE_INFOPLIST_FILE = YES;
				INFOPLIST_FILE = "NRK-oppgave/Info.plist";
				INFOPLIST_KEY_UIApplicationSupportsIndirectInputEvents = YES;
				INFOPLIST_KEY_UILaunchStoryboardName = LaunchScreen;
				INFOPLIST_KEY_UIMainStoryboardFile = Main;
				INFOPLIST_KEY_UISupportedInterfaceOrientations_iPad = "UIInterfaceOrientationPortrait UIInterfaceOrientationPortraitUpsideDown UIInterfaceOrientationLandscapeLeft UIInterfaceOrientationLandscapeRight";
				INFOPLIST_KEY_UISupportedInterfaceOrientations_iPhone = "UIInterfaceOrientationPortrait UIInterfaceOrientationLandscapeLeft UIInterfaceOrientationLandscapeRight";
				LD_RUNPATH_SEARCH_PATHS = (
					"$(inherited)",
					"@executable_path/Frameworks",
				);
				MARKETING_VERSION = 1.0;
				PRODUCT_BUNDLE_IDENTIFIER = "no.NRK-oppgave.NRK-oppgave";
				PRODUCT_NAME = "$(TARGET_NAME)";
				SWIFT_EMIT_LOC_STRINGS = YES;
				SWIFT_VERSION = 5.0;
				TARGETED_DEVICE_FAMILY = "1,2";
			};
			name = Release;
		};
/* End XCBuildConfiguration section */

/* Begin XCConfigurationList section */
		F46269322A17C46B00F46852 /* Build configuration list for PBXProject "NRK-oppgave" */ = {
			isa = XCConfigurationList;
			buildConfigurations = (
				F46269492A17C46C00F46852 /* Debug */,
				F462694A2A17C46C00F46852 /* Release */,
			);
			defaultConfigurationIsVisible = 0;
			defaultConfigurationName = Release;
		};
		F462694B2A17C46C00F46852 /* Build configuration list for PBXNativeTarget "NRK-oppgave" */ = {
			isa = XCConfigurationList;
			buildConfigurations = (
				F462694C2A17C46C00F46852 /* Debug */,
				F462694D2A17C46C00F46852 /* Release */,
			);
			defaultConfigurationIsVisible = 0;
			defaultConfigurationName = Release;
		};
/* End XCConfigurationList section */
	};
	rootObject = F462692F2A17C46B00F46852 /* Project object */;
}
